// !$*UTF8*$!
{
	archiveVersion = 1;
	classes = {
	};
	objectVersion = 48;
	objects = {

/* Begin PBXBuildFile section */
		2B355D16206BB52E00352797 /* UIView+Extension.swift in Sources */ = {isa = PBXBuildFile; fileRef = 2B355D15206BB52E00352797 /* UIView+Extension.swift */; };
		2B355D1E206BB74200352797 /* LoginView.swift in Sources */ = {isa = PBXBuildFile; fileRef = 2B355D1D206BB74200352797 /* LoginView.swift */; };
		2BBF49F12062BA8400568B79 /* AppDelegate.swift in Sources */ = {isa = PBXBuildFile; fileRef = 2BBF49F02062BA8400568B79 /* AppDelegate.swift */; };
		2BBF49F82062BA8400568B79 /* Assets.xcassets in Resources */ = {isa = PBXBuildFile; fileRef = 2BBF49F72062BA8400568B79 /* Assets.xcassets */; };
		2BBF49FB2062BA8400568B79 /* LaunchScreen.storyboard in Resources */ = {isa = PBXBuildFile; fileRef = 2BBF49F92062BA8400568B79 /* LaunchScreen.storyboard */; };
		2BBF4A222062BAB100568B79 /* Login1ViewController.swift in Sources */ = {isa = PBXBuildFile; fileRef = 2BBF4A1F2062BAB100568B79 /* Login1ViewController.swift */; };
		2BBF4A242062BAB100568B79 /* LoginView.xib in Resources */ = {isa = PBXBuildFile; fileRef = 2BBF4A212062BAB100568B79 /* LoginView.xib */; };
/* End PBXBuildFile section */

/* Begin PBXFileReference section */
		2B355D15206BB52E00352797 /* UIView+Extension.swift */ = {isa = PBXFileReference; fileEncoding = 4; lastKnownFileType = sourcecode.swift; path = "UIView+Extension.swift"; sourceTree = "<group>"; };
		2B355D1D206BB74200352797 /* LoginView.swift */ = {isa = PBXFileReference; lastKnownFileType = sourcecode.swift; path = LoginView.swift; sourceTree = "<group>"; };
		2BBF49ED2062BA8400568B79 /* TestXIb.app */ = {isa = PBXFileReference; explicitFileType = wrapper.application; includeInIndex = 0; path = TestXIb.app; sourceTree = BUILT_PRODUCTS_DIR; };
		2BBF49F02062BA8400568B79 /* AppDelegate.swift */ = {isa = PBXFileReference; lastKnownFileType = sourcecode.swift; path = AppDelegate.swift; sourceTree = "<group>"; };
		2BBF49F72062BA8400568B79 /* Assets.xcassets */ = {isa = PBXFileReference; lastKnownFileType = folder.assetcatalog; path = Assets.xcassets; sourceTree = "<group>"; };
		2BBF49FA2062BA8400568B79 /* Base */ = {isa = PBXFileReference; lastKnownFileType = file.storyboard; name = Base; path = Base.lproj/LaunchScreen.storyboard; sourceTree = "<group>"; };
		2BBF49FC2062BA8400568B79 /* Info.plist */ = {isa = PBXFileReference; lastKnownFileType = text.plist.xml; path = Info.plist; sourceTree = "<group>"; };
		2BBF4A1F2062BAB100568B79 /* Login1ViewController.swift */ = {isa = PBXFileReference; fileEncoding = 4; lastKnownFileType = sourcecode.swift; path = Login1ViewController.swift; sourceTree = "<group>"; };
		2BBF4A212062BAB100568B79 /* LoginView.xib */ = {isa = PBXFileReference; fileEncoding = 4; lastKnownFileType = file.xib; path = LoginView.xib; sourceTree = "<group>"; };
/* End PBXFileReference section */

/* Begin PBXFrameworksBuildPhase section */
		2BBF49EA2062BA8400568B79 /* Frameworks */ = {
			isa = PBXFrameworksBuildPhase;
			buildActionMask = 2147483647;
			files = (
			);
			runOnlyForDeploymentPostprocessing = 0;
		};
/* End PBXFrameworksBuildPhase section */

/* Begin PBXGroup section */
		2BBF49E42062BA8400568B79 = {
			isa = PBXGroup;
			children = (
				2BBF49EF2062BA8400568B79 /* TestXIb */,
				2BBF49EE2062BA8400568B79 /* Products */,
			);
			sourceTree = "<group>";
		};
		2BBF49EE2062BA8400568B79 /* Products */ = {
			isa = PBXGroup;
			children = (
				2BBF49ED2062BA8400568B79 /* TestXIb.app */,
			);
			name = Products;
			sourceTree = "<group>";
		};
		2BBF49EF2062BA8400568B79 /* TestXIb */ = {
			isa = PBXGroup;
			children = (
				2BBF49F02062BA8400568B79 /* AppDelegate.swift */,
				2B355D15206BB52E00352797 /* UIView+Extension.swift */,
				2BBF4A1E2062BAB100568B79 /* Login */,
				2BBF49F72062BA8400568B79 /* Assets.xcassets */,
				2BBF49F92062BA8400568B79 /* LaunchScreen.storyboard */,
				2BBF49FC2062BA8400568B79 /* Info.plist */,
			);
			path = TestXIb;
			sourceTree = "<group>";
		};
		2BBF4A1E2062BAB100568B79 /* Login */ = {
			isa = PBXGroup;
			children = (
				2BBF4A1F2062BAB100568B79 /* Login1ViewController.swift */,
				2BBF4A212062BAB100568B79 /* LoginView.xib */,
				2B355D1D206BB74200352797 /* LoginView.swift */,
			);
			path = Login;
			sourceTree = "<group>";
		};
/* End PBXGroup section */

/* Begin PBXNativeTarget section */
		2BBF49EC2062BA8400568B79 /* TestXIb */ = {
			isa = PBXNativeTarget;
			buildConfigurationList = 2BBF4A152062BA8500568B79 /* Build configuration list for PBXNativeTarget "TestXIb" */;
			buildPhases = (
				2BBF49E92062BA8400568B79 /* Sources */,
				2BBF49EA2062BA8400568B79 /* Frameworks */,
				2BBF49EB2062BA8400568B79 /* Resources */,
			);
			buildRules = (
			);
			dependencies = (
			);
			name = TestXIb;
			productName = TestXIb;
			productReference = 2BBF49ED2062BA8400568B79 /* TestXIb.app */;
			productType = "com.apple.product-type.application";
		};
/* End PBXNativeTarget section */

/* Begin PBXProject section */
		2BBF49E52062BA8400568B79 /* Project object */ = {
			isa = PBXProject;
			attributes = {
				LastSwiftUpdateCheck = 0920;
				LastUpgradeCheck = 0920;
				ORGANIZATIONNAME = "Tanya Berezovsky";
				TargetAttributes = {
					2BBF49EC2062BA8400568B79 = {
						CreatedOnToolsVersion = 9.2;
						ProvisioningStyle = Automatic;
					};
				};
			};
			buildConfigurationList = 2BBF49E82062BA8400568B79 /* Build configuration list for PBXProject "TestXIb" */;
			compatibilityVersion = "Xcode 8.0";
			developmentRegion = en;
			hasScannedForEncodings = 0;
			knownRegions = (
				en,
				Base,
			);
			mainGroup = 2BBF49E42062BA8400568B79;
			productRefGroup = 2BBF49EE2062BA8400568B79 /* Products */;
			projectDirPath = "";
			projectRoot = "";
			targets = (
				2BBF49EC2062BA8400568B79 /* TestXIb */,
			);
		};
/* End PBXProject section */

/* Begin PBXResourcesBuildPhase section */
		2BBF49EB2062BA8400568B79 /* Resources */ = {
			isa = PBXResourcesBuildPhase;
			buildActionMask = 2147483647;
			files = (
				2BBF49FB2062BA8400568B79 /* LaunchScreen.storyboard in Resources */,
				2BBF49F82062BA8400568B79 /* Assets.xcassets in Resources */,
				2BBF4A242062BAB100568B79 /* LoginView.xib in Resources */,
			);
			runOnlyForDeploymentPostprocessing = 0;
		};
/* End PBXResourcesBuildPhase section */

/* Begin PBXSourcesBuildPhase section */
		2BBF49E92062BA8400568B79 /* Sources */ = {
			isa = PBXSourcesBuildPhase;
			buildActionMask = 2147483647;
			files = (
				2BBF49F12062BA8400568B79 /* AppDelegate.swift in Sources */,
				2B355D16206BB52E00352797 /* UIView+Extension.swift in Sources */,
				2B355D1E206BB74200352797 /* LoginView.swift in Sources */,
				2BBF4A222062BAB100568B79 /* Login1ViewController.swift in Sources */,
			);
			runOnlyForDeploymentPostprocessing = 0;
		};
/* End PBXSourcesBuildPhase section */

/* Begin PBXVariantGroup section */
		2BBF49F92062BA8400568B79 /* LaunchScreen.storyboard */ = {
			isa = PBXVariantGroup;
			children = (
				2BBF49FA2062BA8400568B79 /* Base */,
			);
			name = LaunchScreen.storyboard;
			sourceTree = "<group>";
		};
/* End PBXVariantGroup section */

/* Begin XCBuildConfiguration section */
		2BBF4A132062BA8500568B79 /* Debug */ = {
			isa = XCBuildConfiguration;
			buildSettings = {
				ALWAYS_SEARCH_USER_PATHS = NO;
				CLANG_ANALYZER_NONNULL = YES;
				CLANG_ANALYZER_NUMBER_OBJECT_CONVERSION = YES_AGGRESSIVE;
				CLANG_CXX_LANGUAGE_STANDARD = "gnu++14";
				CLANG_CXX_LIBRARY = "libc++";
				CLANG_ENABLE_MODULES = YES;
				CLANG_ENABLE_OBJC_ARC = YES;
				CLANG_WARN_BLOCK_CAPTURE_AUTORELEASING = YES;
				CLANG_WARN_BOOL_CONVERSION = YES;
				CLANG_WARN_COMMA = YES;
				CLANG_WARN_CONSTANT_CONVERSION = YES;
				CLANG_WARN_DIRECT_OBJC_ISA_USAGE = YES_ERROR;
				CLANG_WARN_DOCUMENTATION_COMMENTS = YES;
				CLANG_WARN_EMPTY_BODY = YES;
				CLANG_WARN_ENUM_CONVERSION = YES;
				CLANG_WARN_INFINITE_RECURSION = YES;
				CLANG_WARN_INT_CONVERSION = YES;
				CLANG_WARN_NON_LITERAL_NULL_CONVERSION = YES;
				CLANG_WARN_OBJC_LITERAL_CONVERSION = YES;
				CLANG_WARN_OBJC_ROOT_CLASS = YES_ERROR;
				CLANG_WARN_RANGE_LOOP_ANALYSIS = YES;
				CLANG_WARN_STRICT_PROTOTYPES = YES;
				CLANG_WARN_SUSPICIOUS_MOVE = YES;
				CLANG_WARN_UNGUARDED_AVAILABILITY = YES_AGGRESSIVE;
				CLANG_WARN_UNREACHABLE_CODE = YES;
				CLANG_WARN__DUPLICATE_METHOD_MATCH = YES;
				CODE_SIGN_IDENTITY = "iPhone Developer";
				COPY_PHASE_STRIP = NO;
				DEBUG_INFORMATION_FORMAT = dwarf;
				ENABLE_STRICT_OBJC_MSGSEND = YES;
				ENABLE_TESTABILITY = YES;
				GCC_C_LANGUAGE_STANDARD = gnu11;
				GCC_DYNAMIC_NO_PIC = NO;
				GCC_NO_COMMON_BLOCKS = YES;
				GCC_OPTIMIZATION_LEVEL = 0;
				GCC_PREPROCESSOR_DEFINITIONS = (
					"DEBUG=1",
					"$(inherited)",
				);
				GCC_WARN_64_TO_32_BIT_CONVERSION = YES;
				GCC_WARN_ABOUT_RETURN_TYPE = YES_ERROR;
				GCC_WARN_UNDECLARED_SELECTOR = YES;
				GCC_WARN_UNINITIALIZED_AUTOS = YES_AGGRESSIVE;
				GCC_WARN_UNUSED_FUNCTION = YES;
				GCC_WARN_UNUSED_VARIABLE = YES;
				IPHONEOS_DEPLOYMENT_TARGET = 11.2;
				MTL_ENABLE_DEBUG_INFO = YES;
				ONLY_ACTIVE_ARCH = YES;
				SDKROOT = iphoneos;
				SWIFT_ACTIVE_COMPILATION_CONDITIONS = DEBUG;
				SWIFT_OPTIMIZATION_LEVEL = "-Onone";
			};
			name = Debug;
		};
		2BBF4A142062BA8500568B79 /* Release */ = {
			isa = XCBuildConfiguration;
			buildSettings = {
				ALWAYS_SEARCH_USER_PATHS = NO;
				CLANG_ANALYZER_NONNULL = YES;
				CLANG_ANALYZER_NUMBER_OBJECT_CONVERSION = YES_AGGRESSIVE;
				CLANG_CXX_LANGUAGE_STANDARD = "gnu++14";
				CLANG_CXX_LIBRARY = "libc++";
				CLANG_ENABLE_MODULES = YES;
				CLANG_ENABLE_OBJC_ARC = YES;
				CLANG_WARN_BLOCK_CAPTURE_AUTORELEASING = YES;
				CLANG_WARN_BOOL_CONVERSION = YES;
				CLANG_WARN_COMMA = YES;
				CLANG_WARN_CONSTANT_CONVERSION = YES;
				CLANG_WARN_DIRECT_OBJC_ISA_USAGE = YES_ERROR;
				CLANG_WARN_DOCUMENTATION_COMMENTS = YES;
				CLANG_WARN_EMPTY_BODY = YES;
				CLANG_WARN_ENUM_CONVERSION = YES;
				CLANG_WARN_INFINITE_RECURSION = YES;
				CLANG_WARN_INT_CONVERSION = YES;
				CLANG_WARN_NON_LITERAL_NULL_CONVERSION = YES;
				CLANG_WARN_OBJC_LITERAL_CONVERSION = YES;
				CLANG_WARN_OBJC_ROOT_CLASS = YES_ERROR;
				CLANG_WARN_RANGE_LOOP_ANALYSIS = YES;
				CLANG_WARN_STRICT_PROTOTYPES = YES;
				CLANG_WARN_SUSPICIOUS_MOVE = YES;
				CLANG_WARN_UNGUARDED_AVAILABILITY = YES_AGGRESSIVE;
				CLANG_WARN_UNREACHABLE_CODE = YES;
				CLANG_WARN__DUPLICATE_METHOD_MATCH = YES;
				CODE_SIGN_IDENTITY = "iPhone Developer";
				COPY_PHASE_STRIP = NO;
				DEBUG_INFORMATION_FORMAT = "dwarf-with-dsym";
				ENABLE_NS_ASSERTIONS = NO;
				ENABLE_STRICT_OBJC_MSGSEND = YES;
				GCC_C_LANGUAGE_STANDARD = gnu11;
				GCC_NO_COMMON_BLOCKS = YES;
				GCC_WARN_64_TO_32_BIT_CONVERSION = YES;
				GCC_WARN_ABOUT_RETURN_TYPE = YES_ERROR;
				GCC_WARN_UNDECLARED_SELECTOR = YES;
				GCC_WARN_UNINITIALIZED_AUTOS = YES_AGGRESSIVE;
				GCC_WARN_UNUSED_FUNCTION = YES;
				GCC_WARN_UNUSED_VARIABLE = YES;
				IPHONEOS_DEPLOYMENT_TARGET = 11.2;
				MTL_ENABLE_DEBUG_INFO = NO;
				SDKROOT = iphoneos;
				SWIFT_OPTIMIZATION_LEVEL = "-Owholemodule";
				VALIDATE_PRODUCT = YES;
			};
			name = Release;
		};
		2BBF4A162062BA8500568B79 /* Debug */ = {
			isa = XCBuildConfiguration;
			buildSettings = {
				ASSETCATALOG_COMPILER_APPICON_NAME = AppIcon;
				CODE_SIGN_STYLE = Automatic;
				DEVELOPMENT_TEAM = 36B2GZZ9DF;
				INFOPLIST_FILE = TestXIb/Info.plist;
				LD_RUNPATH_SEARCH_PATHS = "$(inherited) @executable_path/Frameworks";
				PRODUCT_BUNDLE_IDENTIFIER = com.Crow.Crow.TestXIb;
				PRODUCT_NAME = "$(TARGET_NAME)";
				SWIFT_VERSION = 4.0;
				TARGETED_DEVICE_FAMILY = "1,2";
			};
			name = Debug;
		};
		2BBF4A172062BA8500568B79 /* Release */ = {
			isa = XCBuildConfiguration;
			buildSettings = {
				ASSETCATALOG_COMPILER_APPICON_NAME = AppIcon;
				CODE_SIGN_STYLE = Automatic;
				DEVELOPMENT_TEAM = 36B2GZZ9DF;
				INFOPLIST_FILE = TestXIb/Info.plist;
				LD_RUNPATH_SEARCH_PATHS = "$(inherited) @executable_path/Frameworks";
				PRODUCT_BUNDLE_IDENTIFIER = com.Crow.Crow.TestXIb;
				PRODUCT_NAME = "$(TARGET_NAME)";
				SWIFT_VERSION = 4.0;
				TARGETED_DEVICE_FAMILY = "1,2";
			};
			name = Release;
		};
/* End XCBuildConfiguration section */

/* Begin XCConfigurationList section */
		2BBF49E82062BA8400568B79 /* Build configuration list for PBXProject "TestXIb" */ = {
			isa = XCConfigurationList;
			buildConfigurations = (
				2BBF4A132062BA8500568B79 /* Debug */,
				2BBF4A142062BA8500568B79 /* Release */,
			);
			defaultConfigurationIsVisible = 0;
			defaultConfigurationName = Release;
		};
		2BBF4A152062BA8500568B79 /* Build configuration list for PBXNativeTarget "TestXIb" */ = {
			isa = XCConfigurationList;
			buildConfigurations = (
				2BBF4A162062BA8500568B79 /* Debug */,
				2BBF4A172062BA8500568B79 /* Release */,
			);
			defaultConfigurationIsVisible = 0;
			defaultConfigurationName = Release;
		};
/* End XCConfigurationList section */
	};
	rootObject = 2BBF49E52062BA8400568B79 /* Project object */;
}
